
Microsoft Visual Studio Solution File, Format Version 12.00
# Visual Studio Version 17
VisualStudioVersion = 17.8.34322.80
MinimumVisualStudioVersion = 10.0.40219.1
Project("{FAE04EC0-301F-11D3-BF4B-00C04F79EFBC}") = "MigrationTest", "MigrationTest.csproj", "{27BE0877-C580-4788-8CCF-E1F44A9888B4}"
EndProject
Project("{FAE04EC0-301F-11D3-BF4B-00C04F79EFBC}") = "MigrationTest.Database", "..\MigrationTest.Database\MigrationTest.Database.csproj", "{93288A7A-BCDF-4412-A96E-D933C8D1E048}"
EndProject
Global
	GlobalSection(SolutionConfigurationPlatforms) = preSolution
		Debug|Any CPU = Debug|Any CPU
		Release|Any CPU = Release|Any CPU
	EndGlobalSection
	GlobalSection(ProjectConfigurationPlatforms) = postSolution
		{27BE0877-C580-4788-8CCF-E1F44A9888B4}.Debug|Any CPU.ActiveCfg = Debug|Any CPU
		{27BE0877-C580-4788-8CCF-E1F44A9888B4}.Debug|Any CPU.Build.0 = Debug|Any CPU
		{27BE0877-C580-4788-8CCF-E1F44A9888B4}.Release|Any CPU.ActiveCfg = Release|Any CPU
		{27BE0877-C580-4788-8CCF-E1F44A9888B4}.Release|Any CPU.Build.0 = Release|Any CPU
		{93288A7A-BCDF-4412-A96E-D933C8D1E048}.Debug|Any CPU.ActiveCfg = Debug|Any CPU
		{93288A7A-BCDF-4412-A96E-D933C8D1E048}.Debug|Any CPU.Build.0 = Debug|Any CPU
		{93288A7A-BCDF-4412-A96E-D933C8D1E048}.Release|Any CPU.ActiveCfg = Release|Any CPU
		{93288A7A-BCDF-4412-A96E-D933C8D1E048}.Release|Any CPU.Build.0 = Release|Any CPU
	EndGlobalSection
	GlobalSection(SolutionProperties) = preSolution
		HideSolutionNode = FALSE
	EndGlobalSection
	GlobalSection(ExtensibilityGlobals) = postSolution
		SolutionGuid = {237E993C-4AC0-4848-9BDD-B6AD0F5E7D87}
	EndGlobalSection
EndGlobal
