
Microsoft Visual Studio Solution File, Format Version 12.00
# Visual Studio Version 17
VisualStudioVersion = 17.8.34322.80
MinimumVisualStudioVersion = 10.0.40219.1
Project("{FAE04EC0-301F-11D3-BF4B-00C04F79EFBC}") = "100. TestApp_Console", "100. TestApp_Console.csproj", "{B45C7522-D84C-4423-856E-916C55F07943}"
EndProject
Global
	GlobalSection(SolutionConfigurationPlatforms) = preSolution
		Debug|Any CPU = Debug|Any CPU
		Release|Any CPU = Release|Any CPU
	EndGlobalSection
	GlobalSection(ProjectConfigurationPlatforms) = postSolution
		{B45C7522-D84C-4423-856E-916C55F07943}.Debug|Any CPU.ActiveCfg = Debug|Any CPU
		{B45C7522-D84C-4423-856E-916C55F07943}.Debug|Any CPU.Build.0 = Debug|Any CPU
		{B45C7522-D84C-4423-856E-916C55F07943}.Release|Any CPU.ActiveCfg = Release|Any CPU
		{B45C7522-D84C-4423-856E-916C55F07943}.Release|Any CPU.Build.0 = Release|Any CPU
	EndGlobalSection
	GlobalSection(SolutionProperties) = preSolution
		HideSolutionNode = FALSE
	EndGlobalSection
	GlobalSection(ExtensibilityGlobals) = postSolution
		SolutionGuid = {E8AD6A2D-C6CF-4433-8C7A-26ED11157A33}
	EndGlobalSection
EndGlobal
