
Microsoft Visual Studio Solution File, Format Version 12.00
# Visual Studio Version 17
VisualStudioVersion = 17.9.34607.119
MinimumVisualStudioVersion = 10.0.40219.1
Project("{FAE04EC0-301F-11D3-BF4B-00C04F79EFBC}") = "085.RelationsDatabase", "085.RelationsDatabase\085.RelationsDatabase.csproj", "{6667B094-29A6-4F95-A4AD-4B336973E022}"
EndProject
Project("{FAE04EC0-301F-11D3-BF4B-00C04F79EFBC}") = "085.RelationsDatabase.Database", "085.RelationsDatabase.Database\085.RelationsDatabase.Database.csproj", "{D0E597D8-724A-4071-B00E-9D9D3181CAA4}"
EndProject
Global
	GlobalSection(SolutionConfigurationPlatforms) = preSolution
		Debug|Any CPU = Debug|Any CPU
		Release|Any CPU = Release|Any CPU
	EndGlobalSection
	GlobalSection(ProjectConfigurationPlatforms) = postSolution
		{6667B094-29A6-4F95-A4AD-4B336973E022}.Debug|Any CPU.ActiveCfg = Debug|Any CPU
		{6667B094-29A6-4F95-A4AD-4B336973E022}.Debug|Any CPU.Build.0 = Debug|Any CPU
		{6667B094-29A6-4F95-A4AD-4B336973E022}.Release|Any CPU.ActiveCfg = Release|Any CPU
		{6667B094-29A6-4F95-A4AD-4B336973E022}.Release|Any CPU.Build.0 = Release|Any CPU
		{D0E597D8-724A-4071-B00E-9D9D3181CAA4}.Debug|Any CPU.ActiveCfg = Debug|Any CPU
		{D0E597D8-724A-4071-B00E-9D9D3181CAA4}.Debug|Any CPU.Build.0 = Debug|Any CPU
		{D0E597D8-724A-4071-B00E-9D9D3181CAA4}.Release|Any CPU.ActiveCfg = Release|Any CPU
		{D0E597D8-724A-4071-B00E-9D9D3181CAA4}.Release|Any CPU.Build.0 = Release|Any CPU
	EndGlobalSection
	GlobalSection(SolutionProperties) = preSolution
		HideSolutionNode = FALSE
	EndGlobalSection
	GlobalSection(ExtensibilityGlobals) = postSolution
		SolutionGuid = {76BB90D0-F2F2-4880-883B-85D41E527C61}
	EndGlobalSection
EndGlobal
