
Microsoft Visual Studio Solution File, Format Version 12.00
# Visual Studio Version 17
VisualStudioVersion = 17.8.34322.80
MinimumVisualStudioVersion = 10.0.40219.1
Project("{FAE04EC0-301F-11D3-BF4B-00C04F79EFBC}") = "091.TestRazorPages", "091.TestRazorPages.csproj", "{257F2E0C-A660-490B-B08A-CDBD85B79F02}"
EndProject
Global
	GlobalSection(SolutionConfigurationPlatforms) = preSolution
		Debug|Any CPU = Debug|Any CPU
		Release|Any CPU = Release|Any CPU
	EndGlobalSection
	GlobalSection(ProjectConfigurationPlatforms) = postSolution
		{257F2E0C-A660-490B-B08A-CDBD85B79F02}.Debug|Any CPU.ActiveCfg = Debug|Any CPU
		{257F2E0C-A660-490B-B08A-CDBD85B79F02}.Debug|Any CPU.Build.0 = Debug|Any CPU
		{257F2E0C-A660-490B-B08A-CDBD85B79F02}.Release|Any CPU.ActiveCfg = Release|Any CPU
		{257F2E0C-A660-490B-B08A-CDBD85B79F02}.Release|Any CPU.Build.0 = Release|Any CPU
	EndGlobalSection
	GlobalSection(SolutionProperties) = preSolution
		HideSolutionNode = FALSE
	EndGlobalSection
	GlobalSection(ExtensibilityGlobals) = postSolution
		SolutionGuid = {0DFB4D53-94D2-4A44-82DE-64200B34C615}
	EndGlobalSection
EndGlobal
